
Microsoft Visual Studio Solution File, Format Version 12.00
# Visual Studio Version 16
VisualStudioVersion = 16.0.29709.97
MinimumVisualStudioVersion = 10.0.40219.1
Project("{FAE04EC0-301F-11D3-BF4B-00C04F79EFBC}") = "App01_ControleXF.UWP", "App01_ControleXF\App01_ControleXF.UWP\App01_ControleXF.UWP.csproj", "{1B6A5115-4D45-4E83-AF65-2F738869C4E6}"
EndProject
Project("{FAE04EC0-301F-11D3-BF4B-00C04F79EFBC}") = "App01_ControleXF.Android", "App01_ControleXF\App01_ControleXF.Android\App01_ControleXF.Android.csproj", "{DABF45F3-CC15-4E52-8783-FDA9EABF1943}"
EndProject
Project("{FAE04EC0-301F-11D3-BF4B-00C04F79EFBC}") = "App01_ControleXF.iOS", "App01_ControleXF\App01_ControleXF.iOS\App01_ControleXF.iOS.csproj", "{AE3A79AE-4B45-47CD-A9A5-E1ED60F9B1F9}"
EndProject
Project("{FAE04EC0-301F-11D3-BF4B-00C04F79EFBC}") = "App01_ControleXF", "App01_ControleXF\App01_ControleXF\App01_ControleXF.csproj", "{CE243340-5CCD-4446-8122-07D770975CC5}"
EndProject
Global
	GlobalSection(SolutionConfigurationPlatforms) = preSolution
		Debug|Any CPU = Debug|Any CPU
		Debug|ARM = Debug|ARM
		Debug|iPhone = Debug|iPhone
		Debug|iPhoneSimulator = Debug|iPhoneSimulator
		Debug|x64 = Debug|x64
		Debug|x86 = Debug|x86
		Release|Any CPU = Release|Any CPU
		Release|ARM = Release|ARM
		Release|iPhone = Release|iPhone
		Release|iPhoneSimulator = Release|iPhoneSimulator
		Release|x64 = Release|x64
		Release|x86 = Release|x86
	EndGlobalSection
	GlobalSection(ProjectConfigurationPlatforms) = postSolution
		{1B6A5115-4D45-4E83-AF65-2F738869C4E6}.Debug|Any CPU.ActiveCfg = Debug|x86
		{1B6A5115-4D45-4E83-AF65-2F738869C4E6}.Debug|Any CPU.Build.0 = Debug|x86
		{1B6A5115-4D45-4E83-AF65-2F738869C4E6}.Debug|Any CPU.Deploy.0 = Debug|x86
		{1B6A5115-4D45-4E83-AF65-2F738869C4E6}.Debug|ARM.ActiveCfg = Debug|ARM
		{1B6A5115-4D45-4E83-AF65-2F738869C4E6}.Debug|ARM.Build.0 = Debug|ARM
		{1B6A5115-4D45-4E83-AF65-2F738869C4E6}.Debug|ARM.Deploy.0 = Debug|ARM
		{1B6A5115-4D45-4E83-AF65-2F738869C4E6}.Debug|iPhone.ActiveCfg = Debug|x86
		{1B6A5115-4D45-4E83-AF65-2F738869C4E6}.Debug|iPhone.Build.0 = Debug|x86
		{1B6A5115-4D45-4E83-AF65-2F738869C4E6}.Debug|iPhone.Deploy.0 = Debug|x86
		{1B6A5115-4D45-4E83-AF65-2F738869C4E6}.Debug|iPhoneSimulator.ActiveCfg = Debug|x86
		{1B6A5115-4D45-4E83-AF65-2F738869C4E6}.Debug|iPhoneSimulator.Build.0 = Debug|x86
		{1B6A5115-4D45-4E83-AF65-2F738869C4E6}.Debug|iPhoneSimulator.Deploy.0 = Debug|x86
		{1B6A5115-4D45-4E83-AF65-2F738869C4E6}.Debug|x64.ActiveCfg = Debug|x64
		{1B6A5115-4D45-4E83-AF65-2F738869C4E6}.Debug|x64.Build.0 = Debug|x64
		{1B6A5115-4D45-4E83-AF65-2F738869C4E6}.Debug|x64.Deploy.0 = Debug|x64
		{1B6A5115-4D45-4E83-AF65-2F738869C4E6}.Debug|x86.ActiveCfg = Debug|x86
		{1B6A5115-4D45-4E83-AF65-2F738869C4E6}.Debug|x86.Build.0 = Debug|x86
		{1B6A5115-4D45-4E83-AF65-2F738869C4E6}.Debug|x86.Deploy.0 = Debug|x86
		{1B6A5115-4D45-4E83-AF65-2F738869C4E6}.Release|Any CPU.ActiveCfg = Release|x86
		{1B6A5115-4D45-4E83-AF65-2F738869C4E6}.Release|Any CPU.Build.0 = Release|x86
		{1B6A5115-4D45-4E83-AF65-2F738869C4E6}.Release|Any CPU.Deploy.0 = Release|x86
		{1B6A5115-4D45-4E83-AF65-2F738869C4E6}.Release|ARM.ActiveCfg = Release|ARM
		{1B6A5115-4D45-4E83-AF65-2F738869C4E6}.Release|ARM.Build.0 = Release|ARM
		{1B6A5115-4D45-4E83-AF65-2F738869C4E6}.Release|ARM.Deploy.0 = Release|ARM
		{1B6A5115-4D45-4E83-AF65-2F738869C4E6}.Release|iPhone.ActiveCfg = Release|x86
		{1B6A5115-4D45-4E83-AF65-2F738869C4E6}.Release|iPhone.Build.0 = Release|x86
		{1B6A5115-4D45-4E83-AF65-2F738869C4E6}.Release|iPhone.Deploy.0 = Release|x86
		{1B6A5115-4D45-4E83-AF65-2F738869C4E6}.Release|iPhoneSimulator.ActiveCfg = Release|x86
		{1B6A5115-4D45-4E83-AF65-2F738869C4E6}.Release|iPhoneSimulator.Build.0 = Release|x86
		{1B6A5115-4D45-4E83-AF65-2F738869C4E6}.Release|iPhoneSimulator.Deploy.0 = Release|x86
		{1B6A5115-4D45-4E83-AF65-2F738869C4E6}.Release|x64.ActiveCfg = Release|x64
		{1B6A5115-4D45-4E83-AF65-2F738869C4E6}.Release|x64.Build.0 = Release|x64
		{1B6A5115-4D45-4E83-AF65-2F738869C4E6}.Release|x64.Deploy.0 = Release|x64
		{1B6A5115-4D45-4E83-AF65-2F738869C4E6}.Release|x86.ActiveCfg = Release|x86
		{1B6A5115-4D45-4E83-AF65-2F738869C4E6}.Release|x86.Build.0 = Release|x86
		{1B6A5115-4D45-4E83-AF65-2F738869C4E6}.Release|x86.Deploy.0 = Release|x86
		{DABF45F3-CC15-4E52-8783-FDA9EABF1943}.Debug|Any CPU.ActiveCfg = Debug|Any CPU
		{DABF45F3-CC15-4E52-8783-FDA9EABF1943}.Debug|Any CPU.Build.0 = Debug|Any CPU
		{DABF45F3-CC15-4E52-8783-FDA9EABF1943}.Debug|Any CPU.Deploy.0 = Debug|Any CPU
		{DABF45F3-CC15-4E52-8783-FDA9EABF1943}.Debug|ARM.ActiveCfg = Debug|Any CPU
		{DABF45F3-CC15-4E52-8783-FDA9EABF1943}.Debug|ARM.Build.0 = Debug|Any CPU
		{DABF45F3-CC15-4E52-8783-FDA9EABF1943}.Debug|ARM.Deploy.0 = Debug|Any CPU
		{DABF45F3-CC15-4E52-8783-FDA9EABF1943}.Debug|iPhone.ActiveCfg = Debug|Any CPU
		{DABF45F3-CC15-4E52-8783-FDA9EABF1943}.Debug|iPhone.Build.0 = Debug|Any CPU
		{DABF45F3-CC15-4E52-8783-FDA9EABF1943}.Debug|iPhone.Deploy.0 = Debug|Any CPU
		{DABF45F3-CC15-4E52-8783-FDA9EABF1943}.Debug|iPhoneSimulator.ActiveCfg = Debug|Any CPU
		{DABF45F3-CC15-4E52-8783-FDA9EABF1943}.Debug|iPhoneSimulator.Build.0 = Debug|Any CPU
		{DABF45F3-CC15-4E52-8783-FDA9EABF1943}.Debug|iPhoneSimulator.Deploy.0 = Debug|Any CPU
		{DABF45F3-CC15-4E52-8783-FDA9EABF1943}.Debug|x64.ActiveCfg = Debug|Any CPU
		{DABF45F3-CC15-4E52-8783-FDA9EABF1943}.Debug|x64.Build.0 = Debug|Any CPU
		{DABF45F3-CC15-4E52-8783-FDA9EABF1943}.Debug|x64.Deploy.0 = Debug|Any CPU
		{DABF45F3-CC15-4E52-8783-FDA9EABF1943}.Debug|x86.ActiveCfg = Debug|Any CPU
		{DABF45F3-CC15-4E52-8783-FDA9EABF1943}.Debug|x86.Build.0 = Debug|Any CPU
		{DABF45F3-CC15-4E52-8783-FDA9EABF1943}.Debug|x86.Deploy.0 = Debug|Any CPU
		{DABF45F3-CC15-4E52-8783-FDA9EABF1943}.Release|Any CPU.ActiveCfg = Release|Any CPU
		{DABF45F3-CC15-4E52-8783-FDA9EABF1943}.Release|Any CPU.Build.0 = Release|Any CPU
		{DABF45F3-CC15-4E52-8783-FDA9EABF1943}.Release|Any CPU.Deploy.0 = Release|Any CPU
		{DABF45F3-CC15-4E52-8783-FDA9EABF1943}.Release|ARM.ActiveCfg = Release|Any CPU
		{DABF45F3-CC15-4E52-8783-FDA9EABF1943}.Release|ARM.Build.0 = Release|Any CPU
		{DABF45F3-CC15-4E52-8783-FDA9EABF1943}.Release|ARM.Deploy.0 = Release|Any CPU
		{DABF45F3-CC15-4E52-8783-FDA9EABF1943}.Release|iPhone.ActiveCfg = Release|Any CPU
		{DABF45F3-CC15-4E52-8783-FDA9EABF1943}.Release|iPhone.Build.0 = Release|Any CPU
		{DABF45F3-CC15-4E52-8783-FDA9EABF1943}.Release|iPhone.Deploy.0 = Release|Any CPU
		{DABF45F3-CC15-4E52-8783-FDA9EABF1943}.Release|iPhoneSimulator.ActiveCfg = Release|Any CPU
		{DABF45F3-CC15-4E52-8783-FDA9EABF1943}.Release|iPhoneSimulator.Build.0 = Release|Any CPU
		{DABF45F3-CC15-4E52-8783-FDA9EABF1943}.Release|iPhoneSimulator.Deploy.0 = Release|Any CPU
		{DABF45F3-CC15-4E52-8783-FDA9EABF1943}.Release|x64.ActiveCfg = Release|Any CPU
		{DABF45F3-CC15-4E52-8783-FDA9EABF1943}.Release|x64.Build.0 = Release|Any CPU
		{DABF45F3-CC15-4E52-8783-FDA9EABF1943}.Release|x64.Deploy.0 = Release|Any CPU
		{DABF45F3-CC15-4E52-8783-FDA9EABF1943}.Release|x86.ActiveCfg = Release|Any CPU
		{DABF45F3-CC15-4E52-8783-FDA9EABF1943}.Release|x86.Build.0 = Release|Any CPU
		{DABF45F3-CC15-4E52-8783-FDA9EABF1943}.Release|x86.Deploy.0 = Release|Any CPU
		{AE3A79AE-4B45-47CD-A9A5-E1ED60F9B1F9}.Debug|Any CPU.ActiveCfg = Debug|iPhone
		{AE3A79AE-4B45-47CD-A9A5-E1ED60F9B1F9}.Debug|Any CPU.Build.0 = Debug|iPhone
		{AE3A79AE-4B45-47CD-A9A5-E1ED60F9B1F9}.Debug|Any CPU.Deploy.0 = Debug|iPhone
		{AE3A79AE-4B45-47CD-A9A5-E1ED60F9B1F9}.Debug|ARM.ActiveCfg = Debug|iPhoneSimulator
		{AE3A79AE-4B45-47CD-A9A5-E1ED60F9B1F9}.Debug|ARM.Build.0 = Debug|iPhoneSimulator
		{AE3A79AE-4B45-47CD-A9A5-E1ED60F9B1F9}.Debug|ARM.Deploy.0 = Debug|iPhoneSimulator
		{AE3A79AE-4B45-47CD-A9A5-E1ED60F9B1F9}.Debug|iPhone.ActiveCfg = Debug|iPhone
		{AE3A79AE-4B45-47CD-A9A5-E1ED60F9B1F9}.Debug|iPhone.Build.0 = Debug|iPhone
		{AE3A79AE-4B45-47CD-A9A5-E1ED60F9B1F9}.Debug|iPhone.Deploy.0 = Debug|iPhone
		{AE3A79AE-4B45-47CD-A9A5-E1ED60F9B1F9}.Debug|iPhoneSimulator.ActiveCfg = Debug|iPhoneSimulator
		{AE3A79AE-4B45-47CD-A9A5-E1ED60F9B1F9}.Debug|iPhoneSimulator.Build.0 = Debug|iPhoneSimulator
		{AE3A79AE-4B45-47CD-A9A5-E1ED60F9B1F9}.Debug|iPhoneSimulator.Deploy.0 = Debug|iPhoneSimulator
		{AE3A79AE-4B45-47CD-A9A5-E1ED60F9B1F9}.Debug|x64.ActiveCfg = Debug|iPhone
		{AE3A79AE-4B45-47CD-A9A5-E1ED60F9B1F9}.Debug|x64.Build.0 = Debug|iPhone
		{AE3A79AE-4B45-47CD-A9A5-E1ED60F9B1F9}.Debug|x64.Deploy.0 = Debug|iPhone
		{AE3A79AE-4B45-47CD-A9A5-E1ED60F9B1F9}.Debug|x86.ActiveCfg = Debug|iPhone
		{AE3A79AE-4B45-47CD-A9A5-E1ED60F9B1F9}.Debug|x86.Build.0 = Debug|iPhone
		{AE3A79AE-4B45-47CD-A9A5-E1ED60F9B1F9}.Debug|x86.Deploy.0 = Debug|iPhone
		{AE3A79AE-4B45-47CD-A9A5-E1ED60F9B1F9}.Release|Any CPU.ActiveCfg = Release|iPhone
		{AE3A79AE-4B45-47CD-A9A5-E1ED60F9B1F9}.Release|Any CPU.Build.0 = Release|iPhone
		{AE3A79AE-4B45-47CD-A9A5-E1ED60F9B1F9}.Release|Any CPU.Deploy.0 = Release|iPhone
		{AE3A79AE-4B45-47CD-A9A5-E1ED60F9B1F9}.Release|ARM.ActiveCfg = Release|iPhone
		{AE3A79AE-4B45-47CD-A9A5-E1ED60F9B1F9}.Release|ARM.Build.0 = Release|iPhone
		{AE3A79AE-4B45-47CD-A9A5-E1ED60F9B1F9}.Release|ARM.Deploy.0 = Release|iPhone
		{AE3A79AE-4B45-47CD-A9A5-E1ED60F9B1F9}.Release|iPhone.ActiveCfg = Release|iPhone
		{AE3A79AE-4B45-47CD-A9A5-E1ED60F9B1F9}.Release|iPhone.Build.0 = Release|iPhone
		{AE3A79AE-4B45-47CD-A9A5-E1ED60F9B1F9}.Release|iPhone.Deploy.0 = Release|iPhone
		{AE3A79AE-4B45-47CD-A9A5-E1ED60F9B1F9}.Release|iPhoneSimulator.ActiveCfg = Release|iPhoneSimulator
		{AE3A79AE-4B45-47CD-A9A5-E1ED60F9B1F9}.Release|iPhoneSimulator.Build.0 = Release|iPhoneSimulator
		{AE3A79AE-4B45-47CD-A9A5-E1ED60F9B1F9}.Release|iPhoneSimulator.Deploy.0 = Release|iPhoneSimulator
		{AE3A79AE-4B45-47CD-A9A5-E1ED60F9B1F9}.Release|x64.ActiveCfg = Release|iPhone
		{AE3A79AE-4B45-47CD-A9A5-E1ED60F9B1F9}.Release|x64.Build.0 = Release|iPhone
		{AE3A79AE-4B45-47CD-A9A5-E1ED60F9B1F9}.Release|x64.Deploy.0 = Release|iPhone
		{AE3A79AE-4B45-47CD-A9A5-E1ED60F9B1F9}.Release|x86.ActiveCfg = Release|iPhone
		{AE3A79AE-4B45-47CD-A9A5-E1ED60F9B1F9}.Release|x86.Build.0 = Release|iPhone
		{AE3A79AE-4B45-47CD-A9A5-E1ED60F9B1F9}.Release|x86.Deploy.0 = Release|iPhone
		{CE243340-5CCD-4446-8122-07D770975CC5}.Debug|Any CPU.ActiveCfg = Debug|Any CPU
		{CE243340-5CCD-4446-8122-07D770975CC5}.Debug|Any CPU.Build.0 = Debug|Any CPU
		{CE243340-5CCD-4446-8122-07D770975CC5}.Debug|Any CPU.Deploy.0 = Debug|Any CPU
		{CE243340-5CCD-4446-8122-07D770975CC5}.Debug|ARM.ActiveCfg = Debug|Any CPU
		{CE243340-5CCD-4446-8122-07D770975CC5}.Debug|ARM.Build.0 = Debug|Any CPU
		{CE243340-5CCD-4446-8122-07D770975CC5}.Debug|ARM.Deploy.0 = Debug|Any CPU
		{CE243340-5CCD-4446-8122-07D770975CC5}.Debug|iPhone.ActiveCfg = Debug|Any CPU
		{CE243340-5CCD-4446-8122-07D770975CC5}.Debug|iPhone.Build.0 = Debug|Any CPU
		{CE243340-5CCD-4446-8122-07D770975CC5}.Debug|iPhone.Deploy.0 = Debug|Any CPU
		{CE243340-5CCD-4446-8122-07D770975CC5}.Debug|iPhoneSimulator.ActiveCfg = Debug|Any CPU
		{CE243340-5CCD-4446-8122-07D770975CC5}.Debug|iPhoneSimulator.Build.0 = Debug|Any CPU
		{CE243340-5CCD-4446-8122-07D770975CC5}.Debug|iPhoneSimulator.Deploy.0 = Debug|Any CPU
		{CE243340-5CCD-4446-8122-07D770975CC5}.Debug|x64.ActiveCfg = Debug|Any CPU
		{CE243340-5CCD-4446-8122-07D770975CC5}.Debug|x64.Build.0 = Debug|Any CPU
		{CE243340-5CCD-4446-8122-07D770975CC5}.Debug|x64.Deploy.0 = Debug|Any CPU
		{CE243340-5CCD-4446-8122-07D770975CC5}.Debug|x86.ActiveCfg = Debug|Any CPU
		{CE243340-5CCD-4446-8122-07D770975CC5}.Debug|x86.Build.0 = Debug|Any CPU
		{CE243340-5CCD-4446-8122-07D770975CC5}.Debug|x86.Deploy.0 = Debug|Any CPU
		{CE243340-5CCD-4446-8122-07D770975CC5}.Release|Any CPU.ActiveCfg = Release|Any CPU
		{CE243340-5CCD-4446-8122-07D770975CC5}.Release|Any CPU.Build.0 = Release|Any CPU
		{CE243340-5CCD-4446-8122-07D770975CC5}.Release|Any CPU.Deploy.0 = Release|Any CPU
		{CE243340-5CCD-4446-8122-07D770975CC5}.Release|ARM.ActiveCfg = Release|Any CPU
		{CE243340-5CCD-4446-8122-07D770975CC5}.Release|ARM.Build.0 = Release|Any CPU
		{CE243340-5CCD-4446-8122-07D770975CC5}.Release|ARM.Deploy.0 = Release|Any CPU
		{CE243340-5CCD-4446-8122-07D770975CC5}.Release|iPhone.ActiveCfg = Release|Any CPU
		{CE243340-5CCD-4446-8122-07D770975CC5}.Release|iPhone.Build.0 = Release|Any CPU
		{CE243340-5CCD-4446-8122-07D770975CC5}.Release|iPhone.Deploy.0 = Release|Any CPU
		{CE243340-5CCD-4446-8122-07D770975CC5}.Release|iPhoneSimulator.ActiveCfg = Release|Any CPU
		{CE243340-5CCD-4446-8122-07D770975CC5}.Release|iPhoneSimulator.Build.0 = Release|Any CPU
		{CE243340-5CCD-4446-8122-07D770975CC5}.Release|iPhoneSimulator.Deploy.0 = Release|Any CPU
		{CE243340-5CCD-4446-8122-07D770975CC5}.Release|x64.ActiveCfg = Release|Any CPU
		{CE243340-5CCD-4446-8122-07D770975CC5}.Release|x64.Build.0 = Release|Any CPU
		{CE243340-5CCD-4446-8122-07D770975CC5}.Release|x64.Deploy.0 = Release|Any CPU
		{CE243340-5CCD-4446-8122-07D770975CC5}.Release|x86.ActiveCfg = Release|Any CPU
		{CE243340-5CCD-4446-8122-07D770975CC5}.Release|x86.Build.0 = Release|Any CPU
		{CE243340-5CCD-4446-8122-07D770975CC5}.Release|x86.Deploy.0 = Release|Any CPU
	EndGlobalSection
	GlobalSection(SolutionProperties) = preSolution
		HideSolutionNode = FALSE
	EndGlobalSection
	GlobalSection(ExtensibilityGlobals) = postSolution
		SolutionGuid = {B0BBD52F-8DC8-442E-B810-35451ADD0EFF}
	EndGlobalSection
EndGlobal
